
Microsoft Visual Studio Solution File, Format Version 12.00
# Visual Studio Version 16
VisualStudioVersion = 16.0.32413.511
MinimumVisualStudioVersion = 10.0.40219.1
Project("{FC65038C-1B2F-41E1-A629-BED71D161FFF}") = "72548969-excel-cell-background-color (ISV) [Fleet Management]", "72548969-excel-cell-background-color.rnrproj", "{87478C0B-8D58-4220-8D01-4E7D5968A2D6}"
EndProject
Global
	GlobalSection(SolutionConfigurationPlatforms) = preSolution
		Debug|Any CPU = Debug|Any CPU
	EndGlobalSection
	GlobalSection(ProjectConfigurationPlatforms) = postSolution
		{87478C0B-8D58-4220-8D01-4E7D5968A2D6}.Debug|Any CPU.ActiveCfg = Debug|Any CPU
		{87478C0B-8D58-4220-8D01-4E7D5968A2D6}.Debug|Any CPU.Build.0 = Debug|Any CPU
	EndGlobalSection
	GlobalSection(SolutionProperties) = preSolution
		HideSolutionNode = FALSE
	EndGlobalSection
	GlobalSection(ExtensibilityGlobals) = postSolution
		SolutionGuid = {0B8E557C-5D01-455C-B45E-D455AD9A2DFA}
	EndGlobalSection
EndGlobal
